
Microsoft Visual Studio Solution File, Format Version 12.00
# Visual Studio Version 17
VisualStudioVersion = 17.0.31903.59
MinimumVisualStudioVersion = 10.0.40219.1
Project("{2150E333-8FDC-42A3-9474-1A3956D46DE8}") = "src", "src", "{827E0CD3-B72D-47B6-A68D-7590B98EB39B}"
EndProject
Project("{FAE04EC0-301F-11D3-BF4B-00C04F79EFBC}") = "TreasuryFlow.Domain", "src\TreasuryFlow.Domain\TreasuryFlow.Domain.csproj", "{15740D78-9218-4C5E-B366-BF07B4F149C3}"
EndProject
Project("{FAE04EC0-301F-11D3-BF4B-00C04F79EFBC}") = "TreasuryFlow.Application", "src\TreasuryFlow.Application\TreasuryFlow.Application.csproj", "{EBA8FBFE-959A-44C5-8056-68E2669B581F}"
EndProject
Project("{FAE04EC0-301F-11D3-BF4B-00C04F79EFBC}") = "TreasuryFlow.Api", "src\TreasuryFlow.Api\TreasuryFlow.Api.csproj", "{373D2009-5076-40D6-9213-502C63801918}"
EndProject
Project("{2150E333-8FDC-42A3-9474-1A3956D46DE8}") = "tests", "tests", "{0AB3BF05-4346-4AA6-1389-037BE0695223}"
EndProject
Project("{FAE04EC0-301F-11D3-BF4B-00C04F79EFBC}") = "TreasuryFlow.Domain.UnitTests", "tests\TreasuryFlow.Domain.UnitTests\TreasuryFlow.Domain.UnitTests.csproj", "{BD58047A-8547-4835-831C-B5C8EAA79168}"
EndProject
Project("{FAE04EC0-301F-11D3-BF4B-00C04F79EFBC}") = "TreasuryFlow.Application.UnitTests", "tests\TreasuryFlow.Application.UnitTests\TreasuryFlow.Application.UnitTests.csproj", "{7DF00897-89C9-48D6-BD2F-B58021D53D02}"
EndProject
Project("{FAE04EC0-301F-11D3-BF4B-00C04F79EFBC}") = "TreasuryFlow.Infrastructure.IntegrationTests", "tests\TreasuryFlow.Infrastructure.IntegrationTests\TreasuryFlow.Infrastructure.IntegrationTests.csproj", "{92B388FB-5D52-4DD8-9FE1-FC19B3CD508C}"
EndProject
Project("{FAE04EC0-301F-11D3-BF4B-00C04F79EFBC}") = "TreasuryFlow.Api.IntegrationTests", "tests\TreasuryFlow.Api.IntegrationTests\TreasuryFlow.Api.IntegrationTests.csproj", "{07EC0B26-4376-42AB-B7BF-34C3B38D6206}"
EndProject
Project("{FAE04EC0-301F-11D3-BF4B-00C04F79EFBC}") = "TreasuryFlow.Contracts", "src\TreasuryFlow.Contracts\TreasuryFlow.Contracts.csproj", "{9EEBBB81-86B0-46FF-A9D1-7E89DA090B4E}"
EndProject
Project("{FAE04EC0-301F-11D3-BF4B-00C04F79EFBC}") = "TreasuryFlow.Infrastructure", "src\TreasuryFlow.Infrastructure\TreasuryFlow.Infrastructure.csproj", "{919350B6-7295-4D87-AA89-989E7E8ABE67}"
EndProject
Project("{FAE04EC0-301F-11D3-BF4B-00C04F79EFBC}") = "TreasuryFlow.Worker", "src\TreasuryFlow.Worker\TreasuryFlow.Worker.csproj", "{D317703B-643D-4BB6-BF5F-4BF5F798371B}"
EndProject
Global
	GlobalSection(SolutionConfigurationPlatforms) = preSolution
		Debug|Any CPU = Debug|Any CPU
		Debug|x64 = Debug|x64
		Debug|x86 = Debug|x86
		Release|Any CPU = Release|Any CPU
		Release|x64 = Release|x64
		Release|x86 = Release|x86
	EndGlobalSection
	GlobalSection(ProjectConfigurationPlatforms) = postSolution
		{15740D78-9218-4C5E-B366-BF07B4F149C3}.Debug|Any CPU.ActiveCfg = Debug|Any CPU
		{15740D78-9218-4C5E-B366-BF07B4F149C3}.Debug|Any CPU.Build.0 = Debug|Any CPU
		{15740D78-9218-4C5E-B366-BF07B4F149C3}.Debug|x64.ActiveCfg = Debug|Any CPU
		{15740D78-9218-4C5E-B366-BF07B4F149C3}.Debug|x64.Build.0 = Debug|Any CPU
		{15740D78-9218-4C5E-B366-BF07B4F149C3}.Debug|x86.ActiveCfg = Debug|Any CPU
		{15740D78-9218-4C5E-B366-BF07B4F149C3}.Debug|x86.Build.0 = Debug|Any CPU
		{15740D78-9218-4C5E-B366-BF07B4F149C3}.Release|Any CPU.ActiveCfg = Release|Any CPU
		{15740D78-9218-4C5E-B366-BF07B4F149C3}.Release|Any CPU.Build.0 = Release|Any CPU
		{15740D78-9218-4C5E-B366-BF07B4F149C3}.Release|x64.ActiveCfg = Release|Any CPU
		{15740D78-9218-4C5E-B366-BF07B4F149C3}.Release|x64.Build.0 = Release|Any CPU
		{15740D78-9218-4C5E-B366-BF07B4F149C3}.Release|x86.ActiveCfg = Release|Any CPU
		{15740D78-9218-4C5E-B366-BF07B4F149C3}.Release|x86.Build.0 = Release|Any CPU
		{EBA8FBFE-959A-44C5-8056-68E2669B581F}.Debug|Any CPU.ActiveCfg = Debug|Any CPU
		{EBA8FBFE-959A-44C5-8056-68E2669B581F}.Debug|Any CPU.Build.0 = Debug|Any CPU
		{EBA8FBFE-959A-44C5-8056-68E2669B581F}.Debug|x64.ActiveCfg = Debug|Any CPU
		{EBA8FBFE-959A-44C5-8056-68E2669B581F}.Debug|x64.Build.0 = Debug|Any CPU
		{EBA8FBFE-959A-44C5-8056-68E2669B581F}.Debug|x86.ActiveCfg = Debug|Any CPU
		{EBA8FBFE-959A-44C5-8056-68E2669B581F}.Debug|x86.Build.0 = Debug|Any CPU
		{EBA8FBFE-959A-44C5-8056-68E2669B581F}.Release|Any CPU.ActiveCfg = Release|Any CPU
		{EBA8FBFE-959A-44C5-8056-68E2669B581F}.Release|Any CPU.Build.0 = Release|Any CPU
		{EBA8FBFE-959A-44C5-8056-68E2669B581F}.Release|x64.ActiveCfg = Release|Any CPU
		{EBA8FBFE-959A-44C5-8056-68E2669B581F}.Release|x64.Build.0 = Release|Any CPU
		{EBA8FBFE-959A-44C5-8056-68E2669B581F}.Release|x86.ActiveCfg = Release|Any CPU
		{EBA8FBFE-959A-44C5-8056-68E2669B581F}.Release|x86.Build.0 = Release|Any CPU
		{373D2009-5076-40D6-9213-502C63801918}.Debug|Any CPU.ActiveCfg = Debug|Any CPU
		{373D2009-5076-40D6-9213-502C63801918}.Debug|Any CPU.Build.0 = Debug|Any CPU
		{373D2009-5076-40D6-9213-502C63801918}.Debug|x64.ActiveCfg = Debug|Any CPU
		{373D2009-5076-40D6-9213-502C63801918}.Debug|x64.Build.0 = Debug|Any CPU
		{373D2009-5076-40D6-9213-502C63801918}.Debug|x86.ActiveCfg = Debug|Any CPU
		{373D2009-5076-40D6-9213-502C63801918}.Debug|x86.Build.0 = Debug|Any CPU
		{373D2009-5076-40D6-9213-502C63801918}.Release|Any CPU.ActiveCfg = Release|Any CPU
		{373D2009-5076-40D6-9213-502C63801918}.Release|Any CPU.Build.0 = Release|Any CPU
		{373D2009-5076-40D6-9213-502C63801918}.Release|x64.ActiveCfg = Release|Any CPU
		{373D2009-5076-40D6-9213-502C63801918}.Release|x64.Build.0 = Release|Any CPU
		{373D2009-5076-40D6-9213-502C63801918}.Release|x86.ActiveCfg = Release|Any CPU
		{373D2009-5076-40D6-9213-502C63801918}.Release|x86.Build.0 = Release|Any CPU
		{BD58047A-8547-4835-831C-B5C8EAA79168}.Debug|Any CPU.ActiveCfg = Debug|Any CPU
		{BD58047A-8547-4835-831C-B5C8EAA79168}.Debug|Any CPU.Build.0 = Debug|Any CPU
		{BD58047A-8547-4835-831C-B5C8EAA79168}.Debug|x64.ActiveCfg = Debug|Any CPU
		{BD58047A-8547-4835-831C-B5C8EAA79168}.Debug|x64.Build.0 = Debug|Any CPU
		{BD58047A-8547-4835-831C-B5C8EAA79168}.Debug|x86.ActiveCfg = Debug|Any CPU
		{BD58047A-8547-4835-831C-B5C8EAA79168}.Debug|x86.Build.0 = Debug|Any CPU
		{BD58047A-8547-4835-831C-B5C8EAA79168}.Release|Any CPU.ActiveCfg = Release|Any CPU
		{BD58047A-8547-4835-831C-B5C8EAA79168}.Release|Any CPU.Build.0 = Release|Any CPU
		{BD58047A-8547-4835-831C-B5C8EAA79168}.Release|x64.ActiveCfg = Release|Any CPU
		{BD58047A-8547-4835-831C-B5C8EAA79168}.Release|x64.Build.0 = Release|Any CPU
		{BD58047A-8547-4835-831C-B5C8EAA79168}.Release|x86.ActiveCfg = Release|Any CPU
		{BD58047A-8547-4835-831C-B5C8EAA79168}.Release|x86.Build.0 = Release|Any CPU
		{7DF00897-89C9-48D6-BD2F-B58021D53D02}.Debug|Any CPU.ActiveCfg = Debug|Any CPU
		{7DF00897-89C9-48D6-BD2F-B58021D53D02}.Debug|Any CPU.Build.0 = Debug|Any CPU
		{7DF00897-89C9-48D6-BD2F-B58021D53D02}.Debug|x64.ActiveCfg = Debug|Any CPU
		{7DF00897-89C9-48D6-BD2F-B58021D53D02}.Debug|x64.Build.0 = Debug|Any CPU
		{7DF00897-89C9-48D6-BD2F-B58021D53D02}.Debug|x86.ActiveCfg = Debug|Any CPU
		{7DF00897-89C9-48D6-BD2F-B58021D53D02}.Debug|x86.Build.0 = Debug|Any CPU
		{7DF00897-89C9-48D6-BD2F-B58021D53D02}.Release|Any CPU.ActiveCfg = Release|Any CPU
		{7DF00897-89C9-48D6-BD2F-B58021D53D02}.Release|Any CPU.Build.0 = Release|Any CPU
		{7DF00897-89C9-48D6-BD2F-B58021D53D02}.Release|x64.ActiveCfg = Release|Any CPU
		{7DF00897-89C9-48D6-BD2F-B58021D53D02}.Release|x64.Build.0 = Release|Any CPU
		{7DF00897-89C9-48D6-BD2F-B58021D53D02}.Release|x86.ActiveCfg = Release|Any CPU
		{7DF00897-89C9-48D6-BD2F-B58021D53D02}.Release|x86.Build.0 = Release|Any CPU
		{92B388FB-5D52-4DD8-9FE1-FC19B3CD508C}.Debug|Any CPU.ActiveCfg = Debug|Any CPU
		{92B388FB-5D52-4DD8-9FE1-FC19B3CD508C}.Debug|Any CPU.Build.0 = Debug|Any CPU
		{92B388FB-5D52-4DD8-9FE1-FC19B3CD508C}.Debug|x64.ActiveCfg = Debug|Any CPU
		{92B388FB-5D52-4DD8-9FE1-FC19B3CD508C}.Debug|x64.Build.0 = Debug|Any CPU
		{92B388FB-5D52-4DD8-9FE1-FC19B3CD508C}.Debug|x86.ActiveCfg = Debug|Any CPU
		{92B388FB-5D52-4DD8-9FE1-FC19B3CD508C}.Debug|x86.Build.0 = Debug|Any CPU
		{92B388FB-5D52-4DD8-9FE1-FC19B3CD508C}.Release|Any CPU.ActiveCfg = Release|Any CPU
		{92B388FB-5D52-4DD8-9FE1-FC19B3CD508C}.Release|Any CPU.Build.0 = Release|Any CPU
		{92B388FB-5D52-4DD8-9FE1-FC19B3CD508C}.Release|x64.ActiveCfg = Release|Any CPU
		{92B388FB-5D52-4DD8-9FE1-FC19B3CD508C}.Release|x64.Build.0 = Release|Any CPU
		{92B388FB-5D52-4DD8-9FE1-FC19B3CD508C}.Release|x86.ActiveCfg = Release|Any CPU
		{92B388FB-5D52-4DD8-9FE1-FC19B3CD508C}.Release|x86.Build.0 = Release|Any CPU
		{07EC0B26-4376-42AB-B7BF-34C3B38D6206}.Debug|Any CPU.ActiveCfg = Debug|Any CPU
		{07EC0B26-4376-42AB-B7BF-34C3B38D6206}.Debug|Any CPU.Build.0 = Debug|Any CPU
		{07EC0B26-4376-42AB-B7BF-34C3B38D6206}.Debug|x64.ActiveCfg = Debug|Any CPU
		{07EC0B26-4376-42AB-B7BF-34C3B38D6206}.Debug|x64.Build.0 = Debug|Any CPU
		{07EC0B26-4376-42AB-B7BF-34C3B38D6206}.Debug|x86.ActiveCfg = Debug|Any CPU
		{07EC0B26-4376-42AB-B7BF-34C3B38D6206}.Debug|x86.Build.0 = Debug|Any CPU
		{07EC0B26-4376-42AB-B7BF-34C3B38D6206}.Release|Any CPU.ActiveCfg = Release|Any CPU
		{07EC0B26-4376-42AB-B7BF-34C3B38D6206}.Release|Any CPU.Build.0 = Release|Any CPU
		{07EC0B26-4376-42AB-B7BF-34C3B38D6206}.Release|x64.ActiveCfg = Release|Any CPU
		{07EC0B26-4376-42AB-B7BF-34C3B38D6206}.Release|x64.Build.0 = Release|Any CPU
		{07EC0B26-4376-42AB-B7BF-34C3B38D6206}.Release|x86.ActiveCfg = Release|Any CPU
		{07EC0B26-4376-42AB-B7BF-34C3B38D6206}.Release|x86.Build.0 = Release|Any CPU
		{9EEBBB81-86B0-46FF-A9D1-7E89DA090B4E}.Debug|Any CPU.ActiveCfg = Debug|Any CPU
		{9EEBBB81-86B0-46FF-A9D1-7E89DA090B4E}.Debug|Any CPU.Build.0 = Debug|Any CPU
		{9EEBBB81-86B0-46FF-A9D1-7E89DA090B4E}.Debug|x64.ActiveCfg = Debug|Any CPU
		{9EEBBB81-86B0-46FF-A9D1-7E89DA090B4E}.Debug|x64.Build.0 = Debug|Any CPU
		{9EEBBB81-86B0-46FF-A9D1-7E89DA090B4E}.Debug|x86.ActiveCfg = Debug|Any CPU
		{9EEBBB81-86B0-46FF-A9D1-7E89DA090B4E}.Debug|x86.Build.0 = Debug|Any CPU
		{9EEBBB81-86B0-46FF-A9D1-7E89DA090B4E}.Release|Any CPU.ActiveCfg = Release|Any CPU
		{9EEBBB81-86B0-46FF-A9D1-7E89DA090B4E}.Release|Any CPU.Build.0 = Release|Any CPU
		{9EEBBB81-86B0-46FF-A9D1-7E89DA090B4E}.Release|x64.ActiveCfg = Release|Any CPU
		{9EEBBB81-86B0-46FF-A9D1-7E89DA090B4E}.Release|x64.Build.0 = Release|Any CPU
		{9EEBBB81-86B0-46FF-A9D1-7E89DA090B4E}.Release|x86.ActiveCfg = Release|Any CPU
		{9EEBBB81-86B0-46FF-A9D1-7E89DA090B4E}.Release|x86.Build.0 = Release|Any CPU
		{919350B6-7295-4D87-AA89-989E7E8ABE67}.Debug|Any CPU.ActiveCfg = Debug|Any CPU
		{919350B6-7295-4D87-AA89-989E7E8ABE67}.Debug|Any CPU.Build.0 = Debug|Any CPU
		{919350B6-7295-4D87-AA89-989E7E8ABE67}.Debug|x64.ActiveCfg = Debug|Any CPU
		{919350B6-7295-4D87-AA89-989E7E8ABE67}.Debug|x64.Build.0 = Debug|Any CPU
		{919350B6-7295-4D87-AA89-989E7E8ABE67}.Debug|x86.ActiveCfg = Debug|Any CPU
		{919350B6-7295-4D87-AA89-989E7E8ABE67}.Debug|x86.Build.0 = Debug|Any CPU
		{919350B6-7295-4D87-AA89-989E7E8ABE67}.Release|Any CPU.ActiveCfg = Release|Any CPU
		{919350B6-7295-4D87-AA89-989E7E8ABE67}.Release|Any CPU.Build.0 = Release|Any CPU
		{919350B6-7295-4D87-AA89-989E7E8ABE67}.Release|x64.ActiveCfg = Release|Any CPU
		{919350B6-7295-4D87-AA89-989E7E8ABE67}.Release|x64.Build.0 = Release|Any CPU
		{919350B6-7295-4D87-AA89-989E7E8ABE67}.Release|x86.ActiveCfg = Release|Any CPU
		{919350B6-7295-4D87-AA89-989E7E8ABE67}.Release|x86.Build.0 = Release|Any CPU
		{D317703B-643D-4BB6-BF5F-4BF5F798371B}.Debug|Any CPU.ActiveCfg = Debug|Any CPU
		{D317703B-643D-4BB6-BF5F-4BF5F798371B}.Debug|Any CPU.Build.0 = Debug|Any CPU
		{D317703B-643D-4BB6-BF5F-4BF5F798371B}.Debug|x64.ActiveCfg = Debug|Any CPU
		{D317703B-643D-4BB6-BF5F-4BF5F798371B}.Debug|x64.Build.0 = Debug|Any CPU
		{D317703B-643D-4BB6-BF5F-4BF5F798371B}.Debug|x86.ActiveCfg = Debug|Any CPU
		{D317703B-643D-4BB6-BF5F-4BF5F798371B}.Debug|x86.Build.0 = Debug|Any CPU
		{D317703B-643D-4BB6-BF5F-4BF5F798371B}.Release|Any CPU.ActiveCfg = Release|Any CPU
		{D317703B-643D-4BB6-BF5F-4BF5F798371B}.Release|Any CPU.Build.0 = Release|Any CPU
		{D317703B-643D-4BB6-BF5F-4BF5F798371B}.Release|x64.ActiveCfg = Release|Any CPU
		{D317703B-643D-4BB6-BF5F-4BF5F798371B}.Release|x64.Build.0 = Release|Any CPU
		{D317703B-643D-4BB6-BF5F-4BF5F798371B}.Release|x86.ActiveCfg = Release|Any CPU
		{D317703B-643D-4BB6-BF5F-4BF5F798371B}.Release|x86.Build.0 = Release|Any CPU
	EndGlobalSection
	GlobalSection(SolutionProperties) = preSolution
		HideSolutionNode = FALSE
	EndGlobalSection
	GlobalSection(NestedProjects) = preSolution
		{15740D78-9218-4C5E-B366-BF07B4F149C3} = {827E0CD3-B72D-47B6-A68D-7590B98EB39B}
		{EBA8FBFE-959A-44C5-8056-68E2669B581F} = {827E0CD3-B72D-47B6-A68D-7590B98EB39B}
		{373D2009-5076-40D6-9213-502C63801918} = {827E0CD3-B72D-47B6-A68D-7590B98EB39B}
		{BD58047A-8547-4835-831C-B5C8EAA79168} = {0AB3BF05-4346-4AA6-1389-037BE0695223}
		{7DF00897-89C9-48D6-BD2F-B58021D53D02} = {0AB3BF05-4346-4AA6-1389-037BE0695223}
		{92B388FB-5D52-4DD8-9FE1-FC19B3CD508C} = {0AB3BF05-4346-4AA6-1389-037BE0695223}
		{07EC0B26-4376-42AB-B7BF-34C3B38D6206} = {0AB3BF05-4346-4AA6-1389-037BE0695223}
		{9EEBBB81-86B0-46FF-A9D1-7E89DA090B4E} = {827E0CD3-B72D-47B6-A68D-7590B98EB39B}
		{919350B6-7295-4D87-AA89-989E7E8ABE67} = {827E0CD3-B72D-47B6-A68D-7590B98EB39B}
		{D317703B-643D-4BB6-BF5F-4BF5F798371B} = {827E0CD3-B72D-47B6-A68D-7590B98EB39B}
	EndGlobalSection
EndGlobal
